
Microsoft Visual Studio Solution File, Format Version 12.00
# Visual Studio Version 16
VisualStudioVersion = 16.0.31702.278
MinimumVisualStudioVersion = 10.0.40219.1
Project("{FAE04EC0-301F-11D3-BF4B-00C04F79EFBC}") = "AnimalProject", "AnimalProject\AnimalProject.csproj", "{9B78A56F-4A11-4707-B1F3-2B80146D8F39}"
EndProject
Global
	GlobalSection(SolutionConfigurationPlatforms) = preSolution
		Debug|Any CPU = Debug|Any CPU
		Release|Any CPU = Release|Any CPU
	EndGlobalSection
	GlobalSection(ProjectConfigurationPlatforms) = postSolution
		{9B78A56F-4A11-4707-B1F3-2B80146D8F39}.Debug|Any CPU.ActiveCfg = Debug|Any CPU
		{9B78A56F-4A11-4707-B1F3-2B80146D8F39}.Debug|Any CPU.Build.0 = Debug|Any CPU
		{9B78A56F-4A11-4707-B1F3-2B80146D8F39}.Release|Any CPU.ActiveCfg = Release|Any CPU
		{9B78A56F-4A11-4707-B1F3-2B80146D8F39}.Release|Any CPU.Build.0 = Release|Any CPU
	EndGlobalSection
	GlobalSection(SolutionProperties) = preSolution
		HideSolutionNode = FALSE
	EndGlobalSection
	GlobalSection(ExtensibilityGlobals) = postSolution
		SolutionGuid = {6F0011F8-FC9F-4104-9C43-2C1E62269156}
	EndGlobalSection
EndGlobal
